
Microsoft Visual Studio Solution File, Format Version 12.00
# Visual Studio Version 17
VisualStudioVersion = 17.14.36915.13
MinimumVisualStudioVersion = 10.0.40219.1
Project("{FAE04EC0-301F-11D3-BF4B-00C04F79EFBC}") = "MobilApplikation", "MobilApplikation\MobilApplikation.csproj", "{2AB5BC9A-9DA7-4924-A878-440C86288072}"
EndProject
Project("{FAE04EC0-301F-11D3-BF4B-00C04F79EFBC}") = "MobileClient", "MobileClient\MobileClient.csproj", "{827B268C-96A7-4305-8985-7CB1FD6C60AE}"
EndProject
Global
	GlobalSection(SolutionConfigurationPlatforms) = preSolution
		Debug|Any CPU = Debug|Any CPU
		Debug|x64 = Debug|x64
		Debug|x86 = Debug|x86
		Release|Any CPU = Release|Any CPU
		Release|x64 = Release|x64
		Release|x86 = Release|x86
	EndGlobalSection
	GlobalSection(ProjectConfigurationPlatforms) = postSolution
		{2AB5BC9A-9DA7-4924-A878-440C86288072}.Debug|Any CPU.ActiveCfg = Debug|Any CPU
		{2AB5BC9A-9DA7-4924-A878-440C86288072}.Debug|Any CPU.Build.0 = Debug|Any CPU
		{2AB5BC9A-9DA7-4924-A878-440C86288072}.Debug|x64.ActiveCfg = Debug|Any CPU
		{2AB5BC9A-9DA7-4924-A878-440C86288072}.Debug|x64.Build.0 = Debug|Any CPU
		{2AB5BC9A-9DA7-4924-A878-440C86288072}.Debug|x86.ActiveCfg = Debug|Any CPU
		{2AB5BC9A-9DA7-4924-A878-440C86288072}.Debug|x86.Build.0 = Debug|Any CPU
		{2AB5BC9A-9DA7-4924-A878-440C86288072}.Release|Any CPU.ActiveCfg = Release|Any CPU
		{2AB5BC9A-9DA7-4924-A878-440C86288072}.Release|Any CPU.Build.0 = Release|Any CPU
		{2AB5BC9A-9DA7-4924-A878-440C86288072}.Release|x64.ActiveCfg = Release|Any CPU
		{2AB5BC9A-9DA7-4924-A878-440C86288072}.Release|x64.Build.0 = Release|Any CPU
		{2AB5BC9A-9DA7-4924-A878-440C86288072}.Release|x86.ActiveCfg = Release|Any CPU
		{2AB5BC9A-9DA7-4924-A878-440C86288072}.Release|x86.Build.0 = Release|Any CPU
		{827B268C-96A7-4305-8985-7CB1FD6C60AE}.Debug|Any CPU.ActiveCfg = Debug|Any CPU
		{827B268C-96A7-4305-8985-7CB1FD6C60AE}.Debug|Any CPU.Build.0 = Debug|Any CPU
		{827B268C-96A7-4305-8985-7CB1FD6C60AE}.Debug|x64.ActiveCfg = Debug|Any CPU
		{827B268C-96A7-4305-8985-7CB1FD6C60AE}.Debug|x64.Build.0 = Debug|Any CPU
		{827B268C-96A7-4305-8985-7CB1FD6C60AE}.Debug|x86.ActiveCfg = Debug|Any CPU
		{827B268C-96A7-4305-8985-7CB1FD6C60AE}.Debug|x86.Build.0 = Debug|Any CPU
		{827B268C-96A7-4305-8985-7CB1FD6C60AE}.Release|Any CPU.ActiveCfg = Release|Any CPU
		{827B268C-96A7-4305-8985-7CB1FD6C60AE}.Release|Any CPU.Build.0 = Release|Any CPU
		{827B268C-96A7-4305-8985-7CB1FD6C60AE}.Release|x64.ActiveCfg = Release|Any CPU
		{827B268C-96A7-4305-8985-7CB1FD6C60AE}.Release|x64.Build.0 = Release|Any CPU
		{827B268C-96A7-4305-8985-7CB1FD6C60AE}.Release|x86.ActiveCfg = Release|Any CPU
		{827B268C-96A7-4305-8985-7CB1FD6C60AE}.Release|x86.Build.0 = Release|Any CPU
	EndGlobalSection
	GlobalSection(SolutionProperties) = preSolution
		HideSolutionNode = FALSE
	EndGlobalSection
	GlobalSection(ExtensibilityGlobals) = postSolution
		SolutionGuid = {B329667E-DC19-4C31-95AB-CB7CDF3BE723}
	EndGlobalSection
EndGlobal
