
Microsoft Visual Studio Solution File, Format Version 12.00
# Visual Studio Version 17
VisualStudioVersion = 17.14.36915.13 d17.14
MinimumVisualStudioVersion = 10.0.40219.1
Project("{FAE04EC0-301F-11D3-BF4B-00C04F79EFBC}") = "MobilApplikation", "MobilApplikation\MobilApplikation.csproj", "{2AB5BC9A-9DA7-4924-A878-440C86288072}"
EndProject
Global
	GlobalSection(SolutionConfigurationPlatforms) = preSolution
		Debug|Any CPU = Debug|Any CPU
		Release|Any CPU = Release|Any CPU
	EndGlobalSection
	GlobalSection(ProjectConfigurationPlatforms) = postSolution
		{2AB5BC9A-9DA7-4924-A878-440C86288072}.Debug|Any CPU.ActiveCfg = Debug|Any CPU
		{2AB5BC9A-9DA7-4924-A878-440C86288072}.Debug|Any CPU.Build.0 = Debug|Any CPU
		{2AB5BC9A-9DA7-4924-A878-440C86288072}.Release|Any CPU.ActiveCfg = Release|Any CPU
		{2AB5BC9A-9DA7-4924-A878-440C86288072}.Release|Any CPU.Build.0 = Release|Any CPU
	EndGlobalSection
	GlobalSection(SolutionProperties) = preSolution
		HideSolutionNode = FALSE
	EndGlobalSection
	GlobalSection(ExtensibilityGlobals) = postSolution
		SolutionGuid = {B329667E-DC19-4C31-95AB-CB7CDF3BE723}
	EndGlobalSection
EndGlobal
